
Microsoft Visual Studio Solution File, Format Version 12.00
# Visual Studio for Mac
Project("{FAE04EC0-301F-11D3-BF4B-00C04F79EFBC}") = "Assembly-CSharp", "Assembly-CSharp.csproj", "{24D73B77-902A-7D48-86C9-D0E1DA245C02}"
EndProject
Project("{FAE04EC0-301F-11D3-BF4B-00C04F79EFBC}") = "Assembly-CSharp-Editor-firstpass", "Assembly-CSharp-Editor-firstpass.csproj", "{B8B95A02-D586-D3FD-05CC-5FAA046AA5F6}"
EndProject
Global
	GlobalSection(SolutionConfigurationPlatforms) = preSolution
		Debug|Any CPU = Debug|Any CPU
		Release|Any CPU = Release|Any CPU
	EndGlobalSection
	GlobalSection(ProjectConfigurationPlatforms) = postSolution
		{24D73B77-902A-7D48-86C9-D0E1DA245C02}.Debug|Any CPU.ActiveCfg = Debug|Any CPU
		{24D73B77-902A-7D48-86C9-D0E1DA245C02}.Debug|Any CPU.Build.0 = Debug|Any CPU
		{24D73B77-902A-7D48-86C9-D0E1DA245C02}.Release|Any CPU.ActiveCfg = Release|Any CPU
		{24D73B77-902A-7D48-86C9-D0E1DA245C02}.Release|Any CPU.Build.0 = Release|Any CPU
		{B8B95A02-D586-D3FD-05CC-5FAA046AA5F6}.Debug|Any CPU.ActiveCfg = Debug|Any CPU
		{B8B95A02-D586-D3FD-05CC-5FAA046AA5F6}.Debug|Any CPU.Build.0 = Debug|Any CPU
		{B8B95A02-D586-D3FD-05CC-5FAA046AA5F6}.Release|Any CPU.ActiveCfg = Release|Any CPU
		{B8B95A02-D586-D3FD-05CC-5FAA046AA5F6}.Release|Any CPU.Build.0 = Release|Any CPU
	EndGlobalSection
	GlobalSection(SolutionProperties) = preSolution
		HideSolutionNode = FALSE
	EndGlobalSection
	GlobalSection(MonoDevelopProperties) = preSolution
		StartupItem = Assembly-CSharp.csproj
	EndGlobalSection
EndGlobal
